
Microsoft Visual Studio Solution File, Format Version 12.00
# Visual Studio Version 16
VisualStudioVersion = 16.0.32126.315
MinimumVisualStudioVersion = 10.0.40219.1
Project("{FAE04EC0-301F-11D3-BF4B-00C04F79EFBC}") = "TestTaskBrio", "TestTaskBrio\TestTaskBrio.csproj", "{5A737646-3AB5-491A-89DD-5B9441A6CFB9}"
EndProject
Project("{FAE04EC0-301F-11D3-BF4B-00C04F79EFBC}") = "TestTaskBrio.Domain.Core", "TestTask.Domain.Core\TestTaskBrio.Domain.Core.csproj", "{C8956D8D-2C5F-4F99-B613-A39EDA7A07CD}"
EndProject
Project("{2150E333-8FDC-42A3-9474-1A3956D46DE8}") = "Domain", "Domain", "{E81D068B-7591-4883-BCB1-7B67533D4DA7}"
EndProject
Project("{FAE04EC0-301F-11D3-BF4B-00C04F79EFBC}") = "TestTaskBrio.Domain.Interfaces", "TestTask.Domain.Interfaces\TestTaskBrio.Domain.Interfaces.csproj", "{61740809-876E-4631-8109-926A903B206E}"
EndProject
Project("{2150E333-8FDC-42A3-9474-1A3956D46DE8}") = "Services", "Services", "{8E9C1FCB-CC8B-4671-B90B-849A4C3080CD}"
EndProject
Project("{FAE04EC0-301F-11D3-BF4B-00C04F79EFBC}") = "TestTaskBrio.Services.Interfaces", "TestTask.Services.Interfaces\TestTaskBrio.Services.Interfaces.csproj", "{040BB34C-7DBC-43FF-907E-BDAD99A7B486}"
EndProject
Project("{2150E333-8FDC-42A3-9474-1A3956D46DE8}") = "Infrastructure", "Infrastructure", "{8153A1AF-BCC0-4845-85DF-CE00711EEAA0}"
EndProject
Project("{FAE04EC0-301F-11D3-BF4B-00C04F79EFBC}") = "TestTaskBrio.Infrastructure.Data", "TestTaskBrio.Infrastructure.Data\TestTaskBrio.Infrastructure.Data.csproj", "{15BCBA1B-C36F-4942-9FBB-430F3EBB5682}"
EndProject
Global
	GlobalSection(SolutionConfigurationPlatforms) = preSolution
		Debug|Any CPU = Debug|Any CPU
		Release|Any CPU = Release|Any CPU
	EndGlobalSection
	GlobalSection(ProjectConfigurationPlatforms) = postSolution
		{5A737646-3AB5-491A-89DD-5B9441A6CFB9}.Debug|Any CPU.ActiveCfg = Debug|Any CPU
		{5A737646-3AB5-491A-89DD-5B9441A6CFB9}.Debug|Any CPU.Build.0 = Debug|Any CPU
		{5A737646-3AB5-491A-89DD-5B9441A6CFB9}.Release|Any CPU.ActiveCfg = Release|Any CPU
		{5A737646-3AB5-491A-89DD-5B9441A6CFB9}.Release|Any CPU.Build.0 = Release|Any CPU
		{C8956D8D-2C5F-4F99-B613-A39EDA7A07CD}.Debug|Any CPU.ActiveCfg = Debug|Any CPU
		{C8956D8D-2C5F-4F99-B613-A39EDA7A07CD}.Debug|Any CPU.Build.0 = Debug|Any CPU
		{C8956D8D-2C5F-4F99-B613-A39EDA7A07CD}.Release|Any CPU.ActiveCfg = Release|Any CPU
		{C8956D8D-2C5F-4F99-B613-A39EDA7A07CD}.Release|Any CPU.Build.0 = Release|Any CPU
		{61740809-876E-4631-8109-926A903B206E}.Debug|Any CPU.ActiveCfg = Debug|Any CPU
		{61740809-876E-4631-8109-926A903B206E}.Debug|Any CPU.Build.0 = Debug|Any CPU
		{61740809-876E-4631-8109-926A903B206E}.Release|Any CPU.ActiveCfg = Release|Any CPU
		{61740809-876E-4631-8109-926A903B206E}.Release|Any CPU.Build.0 = Release|Any CPU
		{040BB34C-7DBC-43FF-907E-BDAD99A7B486}.Debug|Any CPU.ActiveCfg = Debug|Any CPU
		{040BB34C-7DBC-43FF-907E-BDAD99A7B486}.Debug|Any CPU.Build.0 = Debug|Any CPU
		{040BB34C-7DBC-43FF-907E-BDAD99A7B486}.Release|Any CPU.ActiveCfg = Release|Any CPU
		{040BB34C-7DBC-43FF-907E-BDAD99A7B486}.Release|Any CPU.Build.0 = Release|Any CPU
		{15BCBA1B-C36F-4942-9FBB-430F3EBB5682}.Debug|Any CPU.ActiveCfg = Debug|Any CPU
		{15BCBA1B-C36F-4942-9FBB-430F3EBB5682}.Debug|Any CPU.Build.0 = Debug|Any CPU
		{15BCBA1B-C36F-4942-9FBB-430F3EBB5682}.Release|Any CPU.ActiveCfg = Release|Any CPU
		{15BCBA1B-C36F-4942-9FBB-430F3EBB5682}.Release|Any CPU.Build.0 = Release|Any CPU
	EndGlobalSection
	GlobalSection(SolutionProperties) = preSolution
		HideSolutionNode = FALSE
	EndGlobalSection
	GlobalSection(NestedProjects) = preSolution
		{C8956D8D-2C5F-4F99-B613-A39EDA7A07CD} = {E81D068B-7591-4883-BCB1-7B67533D4DA7}
		{61740809-876E-4631-8109-926A903B206E} = {E81D068B-7591-4883-BCB1-7B67533D4DA7}
		{040BB34C-7DBC-43FF-907E-BDAD99A7B486} = {8E9C1FCB-CC8B-4671-B90B-849A4C3080CD}
		{15BCBA1B-C36F-4942-9FBB-430F3EBB5682} = {8153A1AF-BCC0-4845-85DF-CE00711EEAA0}
	EndGlobalSection
	GlobalSection(ExtensibilityGlobals) = postSolution
		SolutionGuid = {FAE23C36-BB9C-4227-91A7-8EC7A7F3BF1E}
	EndGlobalSection
EndGlobal
